// !$*UTF8*$!
{
	archiveVersion = 1;
	classes = {
	};
	objectVersion = 56;
	objects = {

/* Begin PBXBuildFile section */
		5422F2112C0EFA600093932B /* AppDelegate.swift in Sources */ = {isa = PBXBuildFile; fileRef = 5422F2102C0EFA600093932B /* AppDelegate.swift */; };
		5422F2132C0EFA600093932B /* SceneDelegate.swift in Sources */ = {isa = PBXBuildFile; fileRef = 5422F2122C0EFA600093932B /* SceneDelegate.swift */; };
		5422F2152C0EFA600093932B /* HomeViewController.swift in Sources */ = {isa = PBXBuildFile; fileRef = 5422F2142C0EFA600093932B /* HomeViewController.swift */; };
		5422F21A2C0EFA610093932B /* Assets.xcassets in Resources */ = {isa = PBXBuildFile; fileRef = 5422F2192C0EFA610093932B /* Assets.xcassets */; };
		5422F21D2C0EFA610093932B /* Base in Resources */ = {isa = PBXBuildFile; fileRef = 5422F21C2C0EFA610093932B /* Base */; };
		5422F2262C0EFD640093932B /* SnapKit in Frameworks */ = {isa = PBXBuildFile; productRef = 5422F2252C0EFD640093932B /* SnapKit */; };
		5422F2282C0F24C70093932B /* SignUpViewController.swift in Sources */ = {isa = PBXBuildFile; fileRef = 5422F2272C0F24C70093932B /* SignUpViewController.swift */; };
		5422F22A2C0F2D970093932B /* LottoViewController.swift in Sources */ = {isa = PBXBuildFile; fileRef = 5422F2292C0F2D970093932B /* LottoViewController.swift */; };
		5422F22D2C0F2DF30093932B /* Alamofire in Frameworks */ = {isa = PBXBuildFile; productRef = 5422F22C2C0F2DF30093932B /* Alamofire */; };
		5422F2B72C1052E50093932B /* .gitignore in Resources */ = {isa = PBXBuildFile; fileRef = 5422F2B62C1052E50093932B /* .gitignore */; };
		5422F2B92C1052FB0093932B /* APIKey.swift in Sources */ = {isa = PBXBuildFile; fileRef = 5422F2B82C1052FB0093932B /* APIKey.swift */; };
		5422F2BB2C1053D80093932B /* BoxOfficeViewController.swift in Sources */ = {isa = PBXBuildFile; fileRef = 5422F2BA2C1053D80093932B /* BoxOfficeViewController.swift */; };
		5422F2C12C1058830093932B /* UITextField+Extension.swift in Sources */ = {isa = PBXBuildFile; fileRef = 5422F2C02C1058830093932B /* UITextField+Extension.swift */; };
		5422F2C42C105E800093932B /* MovieModel.swift in Sources */ = {isa = PBXBuildFile; fileRef = 5422F2C32C105E800093932B /* MovieModel.swift */; };
		5422F2C62C105F400093932B /* BoxOfficeTableViewCell.swift in Sources */ = {isa = PBXBuildFile; fileRef = 5422F2C52C105F400093932B /* BoxOfficeTableViewCell.swift */; };
		5422F2C82C10664E0093932B /* Date+Extension.swift in Sources */ = {isa = PBXBuildFile; fileRef = 5422F2C72C10664E0093932B /* Date+Extension.swift */; };
		542E7CC12C183DD20085C355 /* SearchViewController.swift in Sources */ = {isa = PBXBuildFile; fileRef = 542E7CC02C183DD20085C355 /* SearchViewController.swift */; };
		542E7CC42C1842D90085C355 /* SearchCollectionViewCell.swift in Sources */ = {isa = PBXBuildFile; fileRef = 542E7CC32C1842D90085C355 /* SearchCollectionViewCell.swift */; };
		542E7CC62C1849030085C355 /* SearchResult.swift in Sources */ = {isa = PBXBuildFile; fileRef = 542E7CC52C1849030085C355 /* SearchResult.swift */; };
		544BE8082C16CE8000F2D4E9 /* TrendViewController.swift in Sources */ = {isa = PBXBuildFile; fileRef = 544BE8072C16CE8000F2D4E9 /* TrendViewController.swift */; };
		544BE80A2C16D22000F2D4E9 /* TrendTableViewCell.swift in Sources */ = {isa = PBXBuildFile; fileRef = 544BE8092C16D22000F2D4E9 /* TrendTableViewCell.swift */; };
		544BE80C2C16D22C00F2D4E9 /* UITableViewCell+Extension.swift in Sources */ = {isa = PBXBuildFile; fileRef = 544BE80B2C16D22C00F2D4E9 /* UITableViewCell+Extension.swift */; };
		544BE80F2C16DA1E00F2D4E9 /* UIPaddingLabel.swift in Sources */ = {isa = PBXBuildFile; fileRef = 544BE80E2C16DA1E00F2D4E9 /* UIPaddingLabel.swift */; };
		544BE8112C16E76E00F2D4E9 /* Movie.swift in Sources */ = {isa = PBXBuildFile; fileRef = 544BE8102C16E76E00F2D4E9 /* Movie.swift */; };
		544BE8142C16EC2000F2D4E9 /* Kingfisher in Frameworks */ = {isa = PBXBuildFile; productRef = 544BE8132C16EC2000F2D4E9 /* Kingfisher */; };
		544BE8162C17108100F2D4E9 /* CreditViewController.swift in Sources */ = {isa = PBXBuildFile; fileRef = 544BE8152C17108100F2D4E9 /* CreditViewController.swift */; };
		544BE8192C1718DC00F2D4E9 /* CastCell.swift in Sources */ = {isa = PBXBuildFile; fileRef = 544BE8182C1718DC00F2D4E9 /* CastCell.swift */; };
		544BE81B2C17192000F2D4E9 /* OverViewCell.swift in Sources */ = {isa = PBXBuildFile; fileRef = 544BE81A2C17192000F2D4E9 /* OverViewCell.swift */; };
		544BE81D2C1725C300F2D4E9 /* CastResult.swift in Sources */ = {isa = PBXBuildFile; fileRef = 544BE81C2C1725C300F2D4E9 /* CastResult.swift */; };
		54A1FC972C2967D00088793F /* TMDBManager.swift in Sources */ = {isa = PBXBuildFile; fileRef = 54A1FC962C2967D00088793F /* TMDBManager.swift */; };
/* End PBXBuildFile section */

/* Begin PBXFileReference section */
		5422F20D2C0EFA600093932B /* HOFlix.app */ = {isa = PBXFileReference; explicitFileType = wrapper.application; includeInIndex = 0; path = HOFlix.app; sourceTree = BUILT_PRODUCTS_DIR; };
		5422F2102C0EFA600093932B /* AppDelegate.swift */ = {isa = PBXFileReference; lastKnownFileType = sourcecode.swift; path = AppDelegate.swift; sourceTree = "<group>"; };
		5422F2122C0EFA600093932B /* SceneDelegate.swift */ = {isa = PBXFileReference; lastKnownFileType = sourcecode.swift; path = SceneDelegate.swift; sourceTree = "<group>"; };
		5422F2142C0EFA600093932B /* HomeViewController.swift */ = {isa = PBXFileReference; lastKnownFileType = sourcecode.swift; path = HomeViewController.swift; sourceTree = "<group>"; };
		5422F2192C0EFA610093932B /* Assets.xcassets */ = {isa = PBXFileReference; lastKnownFileType = folder.assetcatalog; path = Assets.xcassets; sourceTree = "<group>"; };
		5422F21C2C0EFA610093932B /* Base */ = {isa = PBXFileReference; lastKnownFileType = file.storyboard; name = Base; path = Base.lproj/LaunchScreen.storyboard; sourceTree = "<group>"; };
		5422F21E2C0EFA610093932B /* Info.plist */ = {isa = PBXFileReference; lastKnownFileType = text.plist.xml; path = Info.plist; sourceTree = "<group>"; };
		5422F2272C0F24C70093932B /* SignUpViewController.swift */ = {isa = PBXFileReference; lastKnownFileType = sourcecode.swift; path = SignUpViewController.swift; sourceTree = "<group>"; };
		5422F2292C0F2D970093932B /* LottoViewController.swift */ = {isa = PBXFileReference; lastKnownFileType = sourcecode.swift; path = LottoViewController.swift; sourceTree = "<group>"; };
		5422F2B62C1052E50093932B /* .gitignore */ = {isa = PBXFileReference; lastKnownFileType = text; path = .gitignore; sourceTree = "<group>"; };
		5422F2B82C1052FB0093932B /* APIKey.swift */ = {isa = PBXFileReference; lastKnownFileType = sourcecode.swift; path = APIKey.swift; sourceTree = "<group>"; };
		5422F2BA2C1053D80093932B /* BoxOfficeViewController.swift */ = {isa = PBXFileReference; lastKnownFileType = sourcecode.swift; path = BoxOfficeViewController.swift; sourceTree = "<group>"; };
		5422F2C02C1058830093932B /* UITextField+Extension.swift */ = {isa = PBXFileReference; lastKnownFileType = sourcecode.swift; path = "UITextField+Extension.swift"; sourceTree = "<group>"; };
		5422F2C32C105E800093932B /* MovieModel.swift */ = {isa = PBXFileReference; lastKnownFileType = sourcecode.swift; path = MovieModel.swift; sourceTree = "<group>"; };
		5422F2C52C105F400093932B /* BoxOfficeTableViewCell.swift */ = {isa = PBXFileReference; lastKnownFileType = sourcecode.swift; path = BoxOfficeTableViewCell.swift; sourceTree = "<group>"; };
		5422F2C72C10664E0093932B /* Date+Extension.swift */ = {isa = PBXFileReference; lastKnownFileType = sourcecode.swift; path = "Date+Extension.swift"; sourceTree = "<group>"; };
		542E7CC02C183DD20085C355 /* SearchViewController.swift */ = {isa = PBXFileReference; lastKnownFileType = sourcecode.swift; path = SearchViewController.swift; sourceTree = "<group>"; };
		542E7CC32C1842D90085C355 /* SearchCollectionViewCell.swift */ = {isa = PBXFileReference; lastKnownFileType = sourcecode.swift; path = SearchCollectionViewCell.swift; sourceTree = "<group>"; };
		542E7CC52C1849030085C355 /* SearchResult.swift */ = {isa = PBXFileReference; lastKnownFileType = sourcecode.swift; path = SearchResult.swift; sourceTree = "<group>"; };
		544BE8072C16CE8000F2D4E9 /* TrendViewController.swift */ = {isa = PBXFileReference; lastKnownFileType = sourcecode.swift; path = TrendViewController.swift; sourceTree = "<group>"; };
		544BE8092C16D22000F2D4E9 /* TrendTableViewCell.swift */ = {isa = PBXFileReference; lastKnownFileType = sourcecode.swift; path = TrendTableViewCell.swift; sourceTree = "<group>"; };
		544BE80B2C16D22C00F2D4E9 /* UITableViewCell+Extension.swift */ = {isa = PBXFileReference; lastKnownFileType = sourcecode.swift; path = "UITableViewCell+Extension.swift"; sourceTree = "<group>"; };
		544BE80E2C16DA1E00F2D4E9 /* UIPaddingLabel.swift */ = {isa = PBXFileReference; lastKnownFileType = sourcecode.swift; path = UIPaddingLabel.swift; sourceTree = "<group>"; };
		544BE8102C16E76E00F2D4E9 /* Movie.swift */ = {isa = PBXFileReference; lastKnownFileType = sourcecode.swift; path = Movie.swift; sourceTree = "<group>"; };
		544BE8152C17108100F2D4E9 /* CreditViewController.swift */ = {isa = PBXFileReference; lastKnownFileType = sourcecode.swift; path = CreditViewController.swift; sourceTree = "<group>"; };
		544BE8182C1718DC00F2D4E9 /* CastCell.swift */ = {isa = PBXFileReference; lastKnownFileType = sourcecode.swift; path = CastCell.swift; sourceTree = "<group>"; };
		544BE81A2C17192000F2D4E9 /* OverViewCell.swift */ = {isa = PBXFileReference; lastKnownFileType = sourcecode.swift; path = OverViewCell.swift; sourceTree = "<group>"; };
		544BE81C2C1725C300F2D4E9 /* CastResult.swift */ = {isa = PBXFileReference; lastKnownFileType = sourcecode.swift; path = CastResult.swift; sourceTree = "<group>"; };
		54A1FC962C2967D00088793F /* TMDBManager.swift */ = {isa = PBXFileReference; lastKnownFileType = sourcecode.swift; path = TMDBManager.swift; sourceTree = "<group>"; };
/* End PBXFileReference section */

/* Begin PBXFrameworksBuildPhase section */
		5422F20A2C0EFA600093932B /* Frameworks */ = {
			isa = PBXFrameworksBuildPhase;
			buildActionMask = 2147483647;
			files = (
				544BE8142C16EC2000F2D4E9 /* Kingfisher in Frameworks */,
				5422F2262C0EFD640093932B /* SnapKit in Frameworks */,
				5422F22D2C0F2DF30093932B /* Alamofire in Frameworks */,
			);
			runOnlyForDeploymentPostprocessing = 0;
		};
/* End PBXFrameworksBuildPhase section */

/* Begin PBXGroup section */
		5422F2042C0EFA600093932B = {
			isa = PBXGroup;
			children = (
				5422F2B62C1052E50093932B /* .gitignore */,
				5422F20F2C0EFA600093932B /* HOFlix */,
				5422F20E2C0EFA600093932B /* Products */,
			);
			sourceTree = "<group>";
		};
		5422F20E2C0EFA600093932B /* Products */ = {
			isa = PBXGroup;
			children = (
				5422F20D2C0EFA600093932B /* HOFlix.app */,
			);
			name = Products;
			sourceTree = "<group>";
		};
		5422F20F2C0EFA600093932B /* HOFlix */ = {
			isa = PBXGroup;
			children = (
				54A1FC952C2967C40088793F /* Manager */,
				54A1FC942C2967330088793F /* Resource */,
				544BE80D2C16DA1600F2D4E9 /* Class */,
				5422F2BF2C1058780093932B /* Extension */,
				5422F2142C0EFA600093932B /* HomeViewController.swift */,
				5422F2272C0F24C70093932B /* SignUpViewController.swift */,
				5422F2C22C105E720093932B /* BoxOfficeView */,
				5422F2292C0F2D970093932B /* LottoViewController.swift */,
				544BE8062C16CE2F00F2D4E9 /* TMDCView */,
				544BE8172C1718C200F2D4E9 /* CreditView */,
				542E7CC22C1842C20085C355 /* SearchView */,
				5422F2B82C1052FB0093932B /* APIKey.swift */,
				5422F21E2C0EFA610093932B /* Info.plist */,
			);
			path = HOFlix;
			sourceTree = "<group>";
		};
		5422F2BF2C1058780093932B /* Extension */ = {
			isa = PBXGroup;
			children = (
				5422F2C02C1058830093932B /* UITextField+Extension.swift */,
				544BE80B2C16D22C00F2D4E9 /* UITableViewCell+Extension.swift */,
				5422F2C72C10664E0093932B /* Date+Extension.swift */,
			);
			path = Extension;
			sourceTree = "<group>";
		};
		5422F2C22C105E720093932B /* BoxOfficeView */ = {
			isa = PBXGroup;
			children = (
				5422F2BA2C1053D80093932B /* BoxOfficeViewController.swift */,
				5422F2C52C105F400093932B /* BoxOfficeTableViewCell.swift */,
				5422F2C32C105E800093932B /* MovieModel.swift */,
			);
			path = BoxOfficeView;
			sourceTree = "<group>";
		};
		542E7CC22C1842C20085C355 /* SearchView */ = {
			isa = PBXGroup;
			children = (
				542E7CC02C183DD20085C355 /* SearchViewController.swift */,
				542E7CC32C1842D90085C355 /* SearchCollectionViewCell.swift */,
				542E7CC52C1849030085C355 /* SearchResult.swift */,
			);
			path = SearchView;
			sourceTree = "<group>";
		};
		544BE8062C16CE2F00F2D4E9 /* TMDCView */ = {
			isa = PBXGroup;
			children = (
				544BE8072C16CE8000F2D4E9 /* TrendViewController.swift */,
				544BE8092C16D22000F2D4E9 /* TrendTableViewCell.swift */,
				544BE8102C16E76E00F2D4E9 /* Movie.swift */,
			);
			path = TMDCView;
			sourceTree = "<group>";
		};
		544BE80D2C16DA1600F2D4E9 /* Class */ = {
			isa = PBXGroup;
			children = (
				544BE80E2C16DA1E00F2D4E9 /* UIPaddingLabel.swift */,
			);
			path = Class;
			sourceTree = "<group>";
		};
		544BE8172C1718C200F2D4E9 /* CreditView */ = {
			isa = PBXGroup;
			children = (
				544BE8152C17108100F2D4E9 /* CreditViewController.swift */,
				544BE81A2C17192000F2D4E9 /* OverViewCell.swift */,
				544BE8182C1718DC00F2D4E9 /* CastCell.swift */,
				544BE81C2C1725C300F2D4E9 /* CastResult.swift */,
			);
			path = CreditView;
			sourceTree = "<group>";
		};
		54A1FC942C2967330088793F /* Resource */ = {
			isa = PBXGroup;
			children = (
				5422F2102C0EFA600093932B /* AppDelegate.swift */,
				5422F2122C0EFA600093932B /* SceneDelegate.swift */,
				5422F2192C0EFA610093932B /* Assets.xcassets */,
				5422F21B2C0EFA610093932B /* LaunchScreen.storyboard */,
			);
			path = Resource;
			sourceTree = "<group>";
		};
		54A1FC952C2967C40088793F /* Manager */ = {
			isa = PBXGroup;
			children = (
				54A1FC962C2967D00088793F /* TMDBManager.swift */,
			);
			path = Manager;
			sourceTree = "<group>";
		};
/* End PBXGroup section */

/* Begin PBXNativeTarget section */
		5422F20C2C0EFA600093932B /* HOFlix */ = {
			isa = PBXNativeTarget;
			buildConfigurationList = 5422F2212C0EFA610093932B /* Build configuration list for PBXNativeTarget "HOFlix" */;
			buildPhases = (
				5422F2092C0EFA600093932B /* Sources */,
				5422F20A2C0EFA600093932B /* Frameworks */,
				5422F20B2C0EFA600093932B /* Resources */,
			);
			buildRules = (
			);
			dependencies = (
			);
			name = HOFlix;
			packageProductDependencies = (
				5422F2252C0EFD640093932B /* SnapKit */,
				5422F22C2C0F2DF30093932B /* Alamofire */,
				544BE8132C16EC2000F2D4E9 /* Kingfisher */,
			);
			productName = HOFlix;
			productReference = 5422F20D2C0EFA600093932B /* HOFlix.app */;
			productType = "com.apple.product-type.application";
		};
/* End PBXNativeTarget section */

/* Begin PBXProject section */
		5422F2052C0EFA600093932B /* Project object */ = {
			isa = PBXProject;
			attributes = {
				BuildIndependentTargetsInParallel = 1;
				LastSwiftUpdateCheck = 1530;
				LastUpgradeCheck = 1530;
				TargetAttributes = {
					5422F20C2C0EFA600093932B = {
						CreatedOnToolsVersion = 15.3;
					};
				};
			};
			buildConfigurationList = 5422F2082C0EFA600093932B /* Build configuration list for PBXProject "HOFlix" */;
			compatibilityVersion = "Xcode 14.0";
			developmentRegion = en;
			hasScannedForEncodings = 0;
			knownRegions = (
				en,
				Base,
			);
			mainGroup = 5422F2042C0EFA600093932B;
			packageReferences = (
				5422F2242C0EFD640093932B /* XCRemoteSwiftPackageReference "SnapKit" */,
				5422F22B2C0F2DF30093932B /* XCRemoteSwiftPackageReference "Alamofire" */,
				544BE8122C16EC2000F2D4E9 /* XCRemoteSwiftPackageReference "Kingfisher" */,
			);
			productRefGroup = 5422F20E2C0EFA600093932B /* Products */;
			projectDirPath = "";
			projectRoot = "";
			targets = (
				5422F20C2C0EFA600093932B /* HOFlix */,
			);
		};
/* End PBXProject section */

/* Begin PBXResourcesBuildPhase section */
		5422F20B2C0EFA600093932B /* Resources */ = {
			isa = PBXResourcesBuildPhase;
			buildActionMask = 2147483647;
			files = (
				5422F21A2C0EFA610093932B /* Assets.xcassets in Resources */,
				5422F2B72C1052E50093932B /* .gitignore in Resources */,
				5422F21D2C0EFA610093932B /* Base in Resources */,
			);
			runOnlyForDeploymentPostprocessing = 0;
		};
/* End PBXResourcesBuildPhase section */

/* Begin PBXSourcesBuildPhase section */
		5422F2092C0EFA600093932B /* Sources */ = {
			isa = PBXSourcesBuildPhase;
			buildActionMask = 2147483647;
			files = (
				5422F2C42C105E800093932B /* MovieModel.swift in Sources */,
				544BE80C2C16D22C00F2D4E9 /* UITableViewCell+Extension.swift in Sources */,
				5422F2C82C10664E0093932B /* Date+Extension.swift in Sources */,
				544BE80F2C16DA1E00F2D4E9 /* UIPaddingLabel.swift in Sources */,
				544BE8162C17108100F2D4E9 /* CreditViewController.swift in Sources */,
				5422F2C62C105F400093932B /* BoxOfficeTableViewCell.swift in Sources */,
				5422F22A2C0F2D970093932B /* LottoViewController.swift in Sources */,
				544BE81B2C17192000F2D4E9 /* OverViewCell.swift in Sources */,
				5422F2152C0EFA600093932B /* HomeViewController.swift in Sources */,
				542E7CC62C1849030085C355 /* SearchResult.swift in Sources */,
				542E7CC42C1842D90085C355 /* SearchCollectionViewCell.swift in Sources */,
				5422F2112C0EFA600093932B /* AppDelegate.swift in Sources */,
				5422F2BB2C1053D80093932B /* BoxOfficeViewController.swift in Sources */,
				542E7CC12C183DD20085C355 /* SearchViewController.swift in Sources */,
				5422F2282C0F24C70093932B /* SignUpViewController.swift in Sources */,
				544BE80A2C16D22000F2D4E9 /* TrendTableViewCell.swift in Sources */,
				5422F2C12C1058830093932B /* UITextField+Extension.swift in Sources */,
				5422F2B92C1052FB0093932B /* APIKey.swift in Sources */,
				544BE8192C1718DC00F2D4E9 /* CastCell.swift in Sources */,
				5422F2132C0EFA600093932B /* SceneDelegate.swift in Sources */,
				544BE81D2C1725C300F2D4E9 /* CastResult.swift in Sources */,
				544BE8082C16CE8000F2D4E9 /* TrendViewController.swift in Sources */,
				54A1FC972C2967D00088793F /* TMDBManager.swift in Sources */,
				544BE8112C16E76E00F2D4E9 /* Movie.swift in Sources */,
			);
			runOnlyForDeploymentPostprocessing = 0;
		};
/* End PBXSourcesBuildPhase section */

/* Begin PBXVariantGroup section */
		5422F21B2C0EFA610093932B /* LaunchScreen.storyboard */ = {
			isa = PBXVariantGroup;
			children = (
				5422F21C2C0EFA610093932B /* Base */,
			);
			name = LaunchScreen.storyboard;
			sourceTree = "<group>";
		};
/* End PBXVariantGroup section */

/* Begin XCBuildConfiguration section */
		5422F21F2C0EFA610093932B /* Debug */ = {
			isa = XCBuildConfiguration;
			buildSettings = {
				ALWAYS_SEARCH_USER_PATHS = NO;
				ASSETCATALOG_COMPILER_GENERATE_SWIFT_ASSET_SYMBOL_EXTENSIONS = YES;
				CLANG_ANALYZER_NONNULL = YES;
				CLANG_ANALYZER_NUMBER_OBJECT_CONVERSION = YES_AGGRESSIVE;
				CLANG_CXX_LANGUAGE_STANDARD = "gnu++20";
				CLANG_ENABLE_MODULES = YES;
				CLANG_ENABLE_OBJC_ARC = YES;
				CLANG_ENABLE_OBJC_WEAK = YES;
				CLANG_WARN_BLOCK_CAPTURE_AUTORELEASING = YES;
				CLANG_WARN_BOOL_CONVERSION = YES;
				CLANG_WARN_COMMA = YES;
				CLANG_WARN_CONSTANT_CONVERSION = YES;
				CLANG_WARN_DEPRECATED_OBJC_IMPLEMENTATIONS = YES;
				CLANG_WARN_DIRECT_OBJC_ISA_USAGE = YES_ERROR;
				CLANG_WARN_DOCUMENTATION_COMMENTS = YES;
				CLANG_WARN_EMPTY_BODY = YES;
				CLANG_WARN_ENUM_CONVERSION = YES;
				CLANG_WARN_INFINITE_RECURSION = YES;
				CLANG_WARN_INT_CONVERSION = YES;
				CLANG_WARN_NON_LITERAL_NULL_CONVERSION = YES;
				CLANG_WARN_OBJC_IMPLICIT_RETAIN_SELF = YES;
				CLANG_WARN_OBJC_LITERAL_CONVERSION = YES;
				CLANG_WARN_OBJC_ROOT_CLASS = YES_ERROR;
				CLANG_WARN_QUOTED_INCLUDE_IN_FRAMEWORK_HEADER = YES;
				CLANG_WARN_RANGE_LOOP_ANALYSIS = YES;
				CLANG_WARN_STRICT_PROTOTYPES = YES;
				CLANG_WARN_SUSPICIOUS_MOVE = YES;
				CLANG_WARN_UNGUARDED_AVAILABILITY = YES_AGGRESSIVE;
				CLANG_WARN_UNREACHABLE_CODE = YES;
				CLANG_WARN__DUPLICATE_METHOD_MATCH = YES;
				COPY_PHASE_STRIP = NO;
				DEBUG_INFORMATION_FORMAT = dwarf;
				ENABLE_STRICT_OBJC_MSGSEND = YES;
				ENABLE_TESTABILITY = YES;
				ENABLE_USER_SCRIPT_SANDBOXING = YES;
				GCC_C_LANGUAGE_STANDARD = gnu17;
				GCC_DYNAMIC_NO_PIC = NO;
				GCC_NO_COMMON_BLOCKS = YES;
				GCC_OPTIMIZATION_LEVEL = 0;
				GCC_PREPROCESSOR_DEFINITIONS = (
					"DEBUG=1",
					"$(inherited)",
				);
				GCC_WARN_64_TO_32_BIT_CONVERSION = YES;
				GCC_WARN_ABOUT_RETURN_TYPE = YES_ERROR;
				GCC_WARN_UNDECLARED_SELECTOR = YES;
				GCC_WARN_UNINITIALIZED_AUTOS = YES_AGGRESSIVE;
				GCC_WARN_UNUSED_FUNCTION = YES;
				GCC_WARN_UNUSED_VARIABLE = YES;
				IPHONEOS_DEPLOYMENT_TARGET = 16.0;
				LOCALIZATION_PREFERS_STRING_CATALOGS = YES;
				MTL_ENABLE_DEBUG_INFO = INCLUDE_SOURCE;
				MTL_FAST_MATH = YES;
				ONLY_ACTIVE_ARCH = YES;
				SDKROOT = iphoneos;
				SWIFT_ACTIVE_COMPILATION_CONDITIONS = "DEBUG $(inherited)";
				SWIFT_OPTIMIZATION_LEVEL = "-Onone";
			};
			name = Debug;
		};
		5422F2202C0EFA610093932B /* Release */ = {
			isa = XCBuildConfiguration;
			buildSettings = {
				ALWAYS_SEARCH_USER_PATHS = NO;
				ASSETCATALOG_COMPILER_GENERATE_SWIFT_ASSET_SYMBOL_EXTENSIONS = YES;
				CLANG_ANALYZER_NONNULL = YES;
				CLANG_ANALYZER_NUMBER_OBJECT_CONVERSION = YES_AGGRESSIVE;
				CLANG_CXX_LANGUAGE_STANDARD = "gnu++20";
				CLANG_ENABLE_MODULES = YES;
				CLANG_ENABLE_OBJC_ARC = YES;
				CLANG_ENABLE_OBJC_WEAK = YES;
				CLANG_WARN_BLOCK_CAPTURE_AUTORELEASING = YES;
				CLANG_WARN_BOOL_CONVERSION = YES;
				CLANG_WARN_COMMA = YES;
				CLANG_WARN_CONSTANT_CONVERSION = YES;
				CLANG_WARN_DEPRECATED_OBJC_IMPLEMENTATIONS = YES;
				CLANG_WARN_DIRECT_OBJC_ISA_USAGE = YES_ERROR;
				CLANG_WARN_DOCUMENTATION_COMMENTS = YES;
				CLANG_WARN_EMPTY_BODY = YES;
				CLANG_WARN_ENUM_CONVERSION = YES;
				CLANG_WARN_INFINITE_RECURSION = YES;
				CLANG_WARN_INT_CONVERSION = YES;
				CLANG_WARN_NON_LITERAL_NULL_CONVERSION = YES;
				CLANG_WARN_OBJC_IMPLICIT_RETAIN_SELF = YES;
				CLANG_WARN_OBJC_LITERAL_CONVERSION = YES;
				CLANG_WARN_OBJC_ROOT_CLASS = YES_ERROR;
				CLANG_WARN_QUOTED_INCLUDE_IN_FRAMEWORK_HEADER = YES;
				CLANG_WARN_RANGE_LOOP_ANALYSIS = YES;
				CLANG_WARN_STRICT_PROTOTYPES = YES;
				CLANG_WARN_SUSPICIOUS_MOVE = YES;
				CLANG_WARN_UNGUARDED_AVAILABILITY = YES_AGGRESSIVE;
				CLANG_WARN_UNREACHABLE_CODE = YES;
				CLANG_WARN__DUPLICATE_METHOD_MATCH = YES;
				COPY_PHASE_STRIP = NO;
				DEBUG_INFORMATION_FORMAT = "dwarf-with-dsym";
				ENABLE_NS_ASSERTIONS = NO;
				ENABLE_STRICT_OBJC_MSGSEND = YES;
				ENABLE_USER_SCRIPT_SANDBOXING = YES;
				GCC_C_LANGUAGE_STANDARD = gnu17;
				GCC_NO_COMMON_BLOCKS = YES;
				GCC_WARN_64_TO_32_BIT_CONVERSION = YES;
				GCC_WARN_ABOUT_RETURN_TYPE = YES_ERROR;
				GCC_WARN_UNDECLARED_SELECTOR = YES;
				GCC_WARN_UNINITIALIZED_AUTOS = YES_AGGRESSIVE;
				GCC_WARN_UNUSED_FUNCTION = YES;
				GCC_WARN_UNUSED_VARIABLE = YES;
				IPHONEOS_DEPLOYMENT_TARGET = 16.0;
				LOCALIZATION_PREFERS_STRING_CATALOGS = YES;
				MTL_ENABLE_DEBUG_INFO = NO;
				MTL_FAST_MATH = YES;
				SDKROOT = iphoneos;
				SWIFT_COMPILATION_MODE = wholemodule;
				VALIDATE_PRODUCT = YES;
			};
			name = Release;
		};
		5422F2222C0EFA610093932B /* Debug */ = {
			isa = XCBuildConfiguration;
			buildSettings = {
				ASSETCATALOG_COMPILER_APPICON_NAME = AppIcon;
				ASSETCATALOG_COMPILER_GLOBAL_ACCENT_COLOR_NAME = AccentColor;
				CODE_SIGN_STYLE = Automatic;
				CURRENT_PROJECT_VERSION = 1;
				DEVELOPMENT_TEAM = 82M3Y9RKT2;
				GENERATE_INFOPLIST_FILE = YES;
				INFOPLIST_FILE = HOFlix/Info.plist;
				INFOPLIST_KEY_UIApplicationSupportsIndirectInputEvents = YES;
				INFOPLIST_KEY_UILaunchStoryboardName = LaunchScreen;
				INFOPLIST_KEY_UISupportedInterfaceOrientations_iPad = "UIInterfaceOrientationPortrait UIInterfaceOrientationPortraitUpsideDown UIInterfaceOrientationLandscapeLeft UIInterfaceOrientationLandscapeRight";
				INFOPLIST_KEY_UISupportedInterfaceOrientations_iPhone = "UIInterfaceOrientationPortrait UIInterfaceOrientationLandscapeLeft UIInterfaceOrientationLandscapeRight";
				LD_RUNPATH_SEARCH_PATHS = (
					"$(inherited)",
					"@executable_path/Frameworks",
				);
				MARKETING_VERSION = 1.0;
				PRODUCT_BUNDLE_IDENTIFIER = com.lcho3878.HOFlix;
				PRODUCT_NAME = "$(TARGET_NAME)";
				SWIFT_EMIT_LOC_STRINGS = YES;
				SWIFT_VERSION = 5.0;
				TARGETED_DEVICE_FAMILY = "1,2";
			};
			name = Debug;
		};
		5422F2232C0EFA610093932B /* Release */ = {
			isa = XCBuildConfiguration;
			buildSettings = {
				ASSETCATALOG_COMPILER_APPICON_NAME = AppIcon;
				ASSETCATALOG_COMPILER_GLOBAL_ACCENT_COLOR_NAME = AccentColor;
				CODE_SIGN_STYLE = Automatic;
				CURRENT_PROJECT_VERSION = 1;
				DEVELOPMENT_TEAM = 82M3Y9RKT2;
				GENERATE_INFOPLIST_FILE = YES;
				INFOPLIST_FILE = HOFlix/Info.plist;
				INFOPLIST_KEY_UIApplicationSupportsIndirectInputEvents = YES;
				INFOPLIST_KEY_UILaunchStoryboardName = LaunchScreen;
				INFOPLIST_KEY_UISupportedInterfaceOrientations_iPad = "UIInterfaceOrientationPortrait UIInterfaceOrientationPortraitUpsideDown UIInterfaceOrientationLandscapeLeft UIInterfaceOrientationLandscapeRight";
				INFOPLIST_KEY_UISupportedInterfaceOrientations_iPhone = "UIInterfaceOrientationPortrait UIInterfaceOrientationLandscapeLeft UIInterfaceOrientationLandscapeRight";
				LD_RUNPATH_SEARCH_PATHS = (
					"$(inherited)",
					"@executable_path/Frameworks",
				);
				MARKETING_VERSION = 1.0;
				PRODUCT_BUNDLE_IDENTIFIER = com.lcho3878.HOFlix;
				PRODUCT_NAME = "$(TARGET_NAME)";
				SWIFT_EMIT_LOC_STRINGS = YES;
				SWIFT_VERSION = 5.0;
				TARGETED_DEVICE_FAMILY = "1,2";
			};
			name = Release;
		};
/* End XCBuildConfiguration section */

/* Begin XCConfigurationList section */
		5422F2082C0EFA600093932B /* Build configuration list for PBXProject "HOFlix" */ = {
			isa = XCConfigurationList;
			buildConfigurations = (
				5422F21F2C0EFA610093932B /* Debug */,
				5422F2202C0EFA610093932B /* Release */,
			);
			defaultConfigurationIsVisible = 0;
			defaultConfigurationName = Release;
		};
		5422F2212C0EFA610093932B /* Build configuration list for PBXNativeTarget "HOFlix" */ = {
			isa = XCConfigurationList;
			buildConfigurations = (
				5422F2222C0EFA610093932B /* Debug */,
				5422F2232C0EFA610093932B /* Release */,
			);
			defaultConfigurationIsVisible = 0;
			defaultConfigurationName = Release;
		};
/* End XCConfigurationList section */

/* Begin XCRemoteSwiftPackageReference section */
		5422F2242C0EFD640093932B /* XCRemoteSwiftPackageReference "SnapKit" */ = {
			isa = XCRemoteSwiftPackageReference;
			repositoryURL = "https://github.com/SnapKit/SnapKit";
			requirement = {
				kind = upToNextMajorVersion;
				minimumVersion = 5.7.1;
			};
		};
		5422F22B2C0F2DF30093932B /* XCRemoteSwiftPackageReference "Alamofire" */ = {
			isa = XCRemoteSwiftPackageReference;
			repositoryURL = "https://github.com/Alamofire/Alamofire.git";
			requirement = {
				kind = upToNextMajorVersion;
				minimumVersion = 5.9.1;
			};
		};
		544BE8122C16EC2000F2D4E9 /* XCRemoteSwiftPackageReference "Kingfisher" */ = {
			isa = XCRemoteSwiftPackageReference;
			repositoryURL = "https://github.com/onevcat/Kingfisher";
			requirement = {
				kind = upToNextMajorVersion;
				minimumVersion = 7.11.0;
			};
		};
/* End XCRemoteSwiftPackageReference section */

/* Begin XCSwiftPackageProductDependency section */
		5422F2252C0EFD640093932B /* SnapKit */ = {
			isa = XCSwiftPackageProductDependency;
			package = 5422F2242C0EFD640093932B /* XCRemoteSwiftPackageReference "SnapKit" */;
			productName = SnapKit;
		};
		5422F22C2C0F2DF30093932B /* Alamofire */ = {
			isa = XCSwiftPackageProductDependency;
			package = 5422F22B2C0F2DF30093932B /* XCRemoteSwiftPackageReference "Alamofire" */;
			productName = Alamofire;
		};
		544BE8132C16EC2000F2D4E9 /* Kingfisher */ = {
			isa = XCSwiftPackageProductDependency;
			package = 544BE8122C16EC2000F2D4E9 /* XCRemoteSwiftPackageReference "Kingfisher" */;
			productName = Kingfisher;
		};
/* End XCSwiftPackageProductDependency section */
	};
	rootObject = 5422F2052C0EFA600093932B /* Project object */;
}
